{
  "nodes": {
    "euler-build": {
      "inputs": {
        "flake-utils": "flake-utils",
        "nix-inclusive": "nix-inclusive",
        "nixpkgs": "nixpkgs"
      },
      "locked": {
        "lastModified": 1618306017,
        "narHash": "sha256-MjEvoyBUPRY5xrbUmAhvismwrK4nIYy3jf2g81ijJsU=",
        "ref": "nixpkgs-darwin",
        "rev": "02598dbbb80662947305b394b1b1e8d0bb55d639",
        "revCount": 32,
        "type": "git",
        "url": "ssh://git@bitbucket.org/juspay/euler-build"
      },
      "original": {
        "id": "euler-build",
        "type": "indirect"
      }
    },
    "flake-utils": {
      "locked": {
        "lastModified": 1600209923,
        "narHash": "sha256-zoOWauTliFEjI++esk6Jzk7QO5EKpddWXQm9yQK24iM=",
        "owner": "numtide",
        "repo": "flake-utils",
        "rev": "3cd06d3c1df6879c9e41cb2c33113df10566c760",
        "type": "github"
      },
      "original": {
        "owner": "numtide",
        "repo": "flake-utils",
        "type": "github"
      }
    },
    "nix-inclusive": {
      "inputs": {
        "stdlib": "stdlib"
      },
      "locked": {
        "lastModified": 1604413592,
        "narHash": "sha256-3cr2RRBCXNb+6Q1s3tEQiN4LjoFC8OsMSG8WuCyGe/g=",
        "owner": "juspay",
        "repo": "nix-inclusive",
        "rev": "2ca1706029bfcf4bb7eaf17b4f32e49f436a148e",
        "type": "github"
      },
      "original": {
        "owner": "juspay",
        "repo": "nix-inclusive",
        "rev": "2ca1706029bfcf4bb7eaf17b4f32e49f436a148e",
        "type": "github"
      }
    },
    "nixpkgs": {
      "locked": {
        "lastModified": 1618072958,
        "narHash": "sha256-QDKj58ECixtb4EJMWV5D5Lb2xdCgab1Opi4zjQWbDOg=",
        "owner": "NixOS",
        "repo": "nixpkgs",
        "rev": "a73020b2a150322c9832b50baeb0296ba3b13dd7",
        "type": "github"
      },
      "original": {
        "owner": "NixOS",
        "repo": "nixpkgs",
        "rev": "a73020b2a150322c9832b50baeb0296ba3b13dd7",
        "type": "github"
      }
    },
    "root": {
      "inputs": {
        "euler-build": "euler-build"
      }
    },
    "stdlib": {
      "locked": {
        "lastModified": 1590026685,
        "narHash": "sha256-E5INrVvYX/P/UpcoUFDAsuHem+lsqT+/teBs9O7oc9Q=",
        "owner": "manveru",
        "repo": "nix-lib",
        "rev": "99088cf7febcdb21afd375a335dcafa959bef3ed",
        "type": "github"
      },
      "original": {
        "owner": "manveru",
        "repo": "nix-lib",
        "type": "github"
      }
    }
  },
  "root": "root",
  "version": 7
}
